
Microsoft Visual Studio Solution File, Format Version 12.00
# Visual Studio Version 16
VisualStudioVersion = 16.0.31702.278
MinimumVisualStudioVersion = 10.0.40219.1
Project("{FAE04EC0-301F-11D3-BF4B-00C04F79EFBC}") = "Lab_3", "Lab_3\Lab_3.csproj", "{C6BB3384-E280-4F25-8BAE-1F1A66598C29}"
EndProject
Global
	GlobalSection(SolutionConfigurationPlatforms) = preSolution
		Debug|Any CPU = Debug|Any CPU
		Release|Any CPU = Release|Any CPU
	EndGlobalSection
	GlobalSection(ProjectConfigurationPlatforms) = postSolution
		{C6BB3384-E280-4F25-8BAE-1F1A66598C29}.Debug|Any CPU.ActiveCfg = Debug|Any CPU
		{C6BB3384-E280-4F25-8BAE-1F1A66598C29}.Debug|Any CPU.Build.0 = Debug|Any CPU
		{C6BB3384-E280-4F25-8BAE-1F1A66598C29}.Release|Any CPU.ActiveCfg = Release|Any CPU
		{C6BB3384-E280-4F25-8BAE-1F1A66598C29}.Release|Any CPU.Build.0 = Release|Any CPU
	EndGlobalSection
	GlobalSection(SolutionProperties) = preSolution
		HideSolutionNode = FALSE
	EndGlobalSection
	GlobalSection(ExtensibilityGlobals) = postSolution
		SolutionGuid = {49CFEDEC-ADA9-497C-873E-43E0EA9BBE83}
	EndGlobalSection
EndGlobal
